
Microsoft Visual Studio Solution File, Format Version 12.00
# Visual Studio 2013
Project("{FAE04EC0-301F-11D3-BF4B-00C04F79EFBC}") = "UnityVS.IntoSpace.CSharp", "UnityVS.IntoSpace.CSharp.csproj", "{A8198667-181A-6104-3CC0-18C94AB28397}"
EndProject
Project("{FAE04EC0-301F-11D3-BF4B-00C04F79EFBC}") = "UnityVS.IntoSpace.CSharp.Plugins", "UnityVS.IntoSpace.CSharp.Plugins.csproj", "{F3C925BA-0D39-98F2-5267-336CF95E98C1}"
EndProject
Global
	GlobalSection(SolutionConfigurationPlatforms) = preSolution
		Debug|Any CPU = Debug|Any CPU
		Release|Any CPU = Release|Any CPU
	EndGlobalSection
	GlobalSection(ProjectConfigurationPlatforms) = postSolution
		{A8198667-181A-6104-3CC0-18C94AB28397}.Debug|Any CPU.ActiveCfg = Debug|Any CPU
		{A8198667-181A-6104-3CC0-18C94AB28397}.Debug|Any CPU.Build.0 = Debug|Any CPU
		{A8198667-181A-6104-3CC0-18C94AB28397}.Release|Any CPU.ActiveCfg = Release|Any CPU
		{A8198667-181A-6104-3CC0-18C94AB28397}.Release|Any CPU.Build.0 = Release|Any CPU
		{F3C925BA-0D39-98F2-5267-336CF95E98C1}.Debug|Any CPU.ActiveCfg = Debug|Any CPU
		{F3C925BA-0D39-98F2-5267-336CF95E98C1}.Debug|Any CPU.Build.0 = Debug|Any CPU
		{F3C925BA-0D39-98F2-5267-336CF95E98C1}.Release|Any CPU.ActiveCfg = Release|Any CPU
		{F3C925BA-0D39-98F2-5267-336CF95E98C1}.Release|Any CPU.Build.0 = Release|Any CPU
	EndGlobalSection
	GlobalSection(SolutionProperties) = preSolution
		HideSolutionNode = FALSE
	EndGlobalSection
EndGlobal
